{
  "pins" : [
    {
      "identity" : "mapbox-common-ios",
      "kind" : "remoteSourceControl",
      "location" : "https://github.com/mapbox/mapbox-common-ios.git",
      "state" : {
        "revision" : "3f9002c8140503b0c3c9d1e2a210a188bc2f5252",
        "version" : "21.2.0"
      }
    },
    {
      "identity" : "mapbox-core-maps-ios",
      "kind" : "remoteSourceControl",
      "location" : "https://github.com/mapbox/mapbox-core-maps-ios.git",
      "state" : {
        "revision" : "05cc6505956f2311e1a932fc021e9b14c4cdccb2",
        "version" : "10.4.2"
      }
    },
    {
      "identity" : "mapbox-events-ios",
      "kind" : "remoteSourceControl",
      "location" : "https://github.com/mapbox/mapbox-events-ios.git",
      "state" : {
        "revision" : "1b6c2a34086de40c26f2f97a716ac419f46eb630",
        "version" : "1.0.7"
      }
    },
    {
      "identity" : "mapbox-maps-ios",
      "kind" : "remoteSourceControl",
      "location" : "https://github.com/mapbox/mapbox-maps-ios.git",
      "state" : {
        "revision" : "8e4c5ee26175a2ac92b84043d2d1f1f994ed18d4",
        "version" : "10.4.2"
      }
    },
    {
      "identity" : "turf-swift",
      "kind" : "remoteSourceControl",
      "location" : "https://github.com/mapbox/turf-swift.git",
      "state" : {
        "revision" : "a7db78a2281ffe79966443ebe5687766d6c024c7",
        "version" : "2.3.0"
      }
    }
  ],
  "version" : 2
}
